Microsoft Visual Studio Solution File, Format Version 12.00
# Visual Studio Version 17
VisualStudioVersion = 17.13.35828.75
MinimumVisualStudioVersion = 10.0.40219.1
Project("{FAE04EC0-301F-11D3-BF4B-00C04F79EFBC}") = "Semana01", "Semana01\Semana01.csproj", "{493BC412-C72A-4F7A-9BFF-80DBE147C6E4}"
EndProject
Project("{FAE04EC0-301F-11D3-BF4B-00C04F79EFBC}") = "Semana02", "Semana02\Semana02.csproj", "{98A9CBAF-4CB8-4F2E-A775-DFAFCFBD53CF}"
EndProject
Project("{F184B08F-C81C-45F6-A57F-5ABD9991F28F}") = "Semana03", "Semana03\Semana03.vbproj", "{78C46244-81DD-469B-B4DA-DC35A916086C}"
EndProject
Project("{FAE04EC0-301F-11D3-BF4B-00C04F79EFBC}") = "Semana04_CS", "Semana04_CS\Semana04_CS.csproj", "{317CE178-841D-4B97-9C5B-DCEF29B6EA6D}"
EndProject
Project("{F184B08F-C81C-45F6-A57F-5ABD9991F28F}") = "Semana04_VB", "Semana04_VB\Semana04_VB.vbproj", "{8785ACFB-E09B-4D0E-B1EB-2DD74069D3E4}"
EndProject
Project("{FAE04EC0-301F-11D3-BF4B-00C04F79EFBC}") = "Semana05", "Semana05\Semana05.csproj", "{43119762-7E99-443D-907B-41A925318240}"
EndProject
Project("{FAE04EC0-301F-11D3-BF4B-00C04F79EFBC}") = "Semana07", "Semana07\Semana07.csproj", "{908A02D6-F80A-4523-BD4C-59F818E9F8FE}"
EndProject
Project("{FAE04EC0-301F-11D3-BF4B-00C04F79EFBC}") = "Semana08", "Semana08\Semana08.csproj", "{BB4FEF2E-105D-4166-A7D7-FFAF066DBEDA}"
EndProject
Project("{FAE04EC0-301F-11D3-BF4B-00C04F79EFBC}") = "Semana08_API", "Semana08_API\Semana08_API.csproj", "{D617DA15-B938-4981-B0A7-24B1781F0D34}"
EndProject
Global
	GlobalSection(SolutionConfigurationPlatforms) = preSolution
		Debug|Any CPU = Debug|Any CPU
		Release|Any CPU = Release|Any CPU
	EndGlobalSection
	GlobalSection(ProjectConfigurationPlatforms) = postSolution
		{493BC412-C72A-4F7A-9BFF-80DBE147C6E4}.Debug|Any CPU.ActiveCfg = Debug|Any CPU
		{493BC412-C72A-4F7A-9BFF-80DBE147C6E4}.Debug|Any CPU.Build.0 = Debug|Any CPU
		{493BC412-C72A-4F7A-9BFF-80DBE147C6E4}.Release|Any CPU.ActiveCfg = Release|Any CPU
		{493BC412-C72A-4F7A-9BFF-80DBE147C6E4}.Release|Any CPU.Build.0 = Release|Any CPU
		{98A9CBAF-4CB8-4F2E-A775-DFAFCFBD53CF}.Debug|Any CPU.ActiveCfg = Debug|Any CPU
		{98A9CBAF-4CB8-4F2E-A775-DFAFCFBD53CF}.Debug|Any CPU.Build.0 = Debug|Any CPU
		{98A9CBAF-4CB8-4F2E-A775-DFAFCFBD53CF}.Release|Any CPU.ActiveCfg = Release|Any CPU
		{98A9CBAF-4CB8-4F2E-A775-DFAFCFBD53CF}.Release|Any CPU.Build.0 = Release|Any CPU
		{78C46244-81DD-469B-B4DA-DC35A916086C}.Debug|Any CPU.ActiveCfg = Debug|Any CPU
		{78C46244-81DD-469B-B4DA-DC35A916086C}.Debug|Any CPU.Build.0 = Debug|Any CPU
		{78C46244-81DD-469B-B4DA-DC35A916086C}.Release|Any CPU.ActiveCfg = Release|Any CPU
		{78C46244-81DD-469B-B4DA-DC35A916086C}.Release|Any CPU.Build.0 = Release|Any CPU
		{317CE178-841D-4B97-9C5B-DCEF29B6EA6D}.Debug|Any CPU.ActiveCfg = Debug|Any CPU
		{317CE178-841D-4B97-9C5B-DCEF29B6EA6D}.Debug|Any CPU.Build.0 = Debug|Any CPU
		{317CE178-841D-4B97-9C5B-DCEF29B6EA6D}.Release|Any CPU.ActiveCfg = Release|Any CPU
		{317CE178-841D-4B97-9C5B-DCEF29B6EA6D}.Release|Any CPU.Build.0 = Release|Any CPU
		{8785ACFB-E09B-4D0E-B1EB-2DD74069D3E4}.Debug|Any CPU.ActiveCfg = Debug|Any CPU
		{8785ACFB-E09B-4D0E-B1EB-2DD74069D3E4}.Debug|Any CPU.Build.0 = Debug|Any CPU
		{8785ACFB-E09B-4D0E-B1EB-2DD74069D3E4}.Release|Any CPU.ActiveCfg = Release|Any CPU
		{8785ACFB-E09B-4D0E-B1EB-2DD74069D3E4}.Release|Any CPU.Build.0 = Release|Any CPU
		{43119762-7E99-443D-907B-41A925318240}.Debug|Any CPU.ActiveCfg = Debug|Any CPU
		{43119762-7E99-443D-907B-41A925318240}.Debug|Any CPU.Build.0 = Debug|Any CPU
		{43119762-7E99-443D-907B-41A925318240}.Release|Any CPU.ActiveCfg = Release|Any CPU
		{43119762-7E99-443D-907B-41A925318240}.Release|Any CPU.Build.0 = Release|Any CPU
		{908A02D6-F80A-4523-BD4C-59F818E9F8FE}.Debug|Any CPU.ActiveCfg = Debug|Any CPU
		{908A02D6-F80A-4523-BD4C-59F818E9F8FE}.Debug|Any CPU.Build.0 = Debug|Any CPU
		{908A02D6-F80A-4523-BD4C-59F818E9F8FE}.Release|Any CPU.ActiveCfg = Release|Any CPU
		{908A02D6-F80A-4523-BD4C-59F818E9F8FE}.Release|Any CPU.Build.0 = Release|Any CPU
		{BB4FEF2E-105D-4166-A7D7-FFAF066DBEDA}.Debug|Any CPU.ActiveCfg = Debug|Any CPU
		{BB4FEF2E-105D-4166-A7D7-FFAF066DBEDA}.Debug|Any CPU.Build.0 = Debug|Any CPU
		{BB4FEF2E-105D-4166-A7D7-FFAF066DBEDA}.Release|Any CPU.ActiveCfg = Release|Any CPU
		{BB4FEF2E-105D-4166-A7D7-FFAF066DBEDA}.Release|Any CPU.Build.0 = Release|Any CPU
		{D617DA15-B938-4981-B0A7-24B1781F0D34}.Debug|Any CPU.ActiveCfg = Debug|Any CPU
		{D617DA15-B938-4981-B0A7-24B1781F0D34}.Debug|Any CPU.Build.0 = Debug|Any CPU
		{D617DA15-B938-4981-B0A7-24B1781F0D34}.Release|Any CPU.ActiveCfg = Release|Any CPU
		{D617DA15-B938-4981-B0A7-24B1781F0D34}.Release|Any CPU.Build.0 = Release|Any CPU
	EndGlobalSection
	GlobalSection(SolutionProperties) = preSolution
		HideSolutionNode = FALSE
	EndGlobalSection
	GlobalSection(ExtensibilityGlobals) = postSolution
		SolutionGuid = {B4A1F7B7-8B0F-4162-8755-CC7ED03345A1}
	EndGlobalSection
EndGlobal
